// !$*UTF8*$!
{
	archiveVersion = 1;
	classes = {
	};
	objectVersion = 46;
	objects = {

/* Begin PBXBuildFile section */
		69DBF9ED1CFD85E700E668A9 /* main.m in Sources */ = {isa = PBXBuildFile; fileRef = 69DBF9EC1CFD85E700E668A9 /* main.m */; };
		69DBF9F01CFD85E700E668A9 /* AppDelegate.m in Sources */ = {isa = PBXBuildFile; fileRef = 69DBF9EF1CFD85E700E668A9 /* AppDelegate.m */; };
		69DBF9F31CFD85E700E668A9 /* ViewController.m in Sources */ = {isa = PBXBuildFile; fileRef = 69DBF9F21CFD85E700E668A9 /* ViewController.m */; };
		69DBF9F61CFD85E700E668A9 /* Main.storyboard in Resources */ = {isa = PBXBuildFile; fileRef = 69DBF9F41CFD85E700E668A9 /* Main.storyboard */; };
		69DBF9F81CFD85E700E668A9 /* Assets.xcassets in Resources */ = {isa = PBXBuildFile; fileRef = 69DBF9F71CFD85E700E668A9 /* Assets.xcassets */; };
		69DBF9FB1CFD85E700E668A9 /* LaunchScreen.storyboard in Resources */ = {isa = PBXBuildFile; fileRef = 69DBF9F91CFD85E700E668A9 /* LaunchScreen.storyboard */; };
		69DBFA061CFD85E700E668A9 /* _Label____Tests.m in Sources */ = {isa = PBXBuildFile; fileRef = 69DBFA051CFD85E700E668A9 /* _Label____Tests.m */; };
		69DBFA111CFD85E700E668A9 /* _Label____UITests.m in Sources */ = {isa = PBXBuildFile; fileRef = 69DBFA101CFD85E700E668A9 /* _Label____UITests.m */; };
/* End PBXBuildFile section */

/* Begin PBXContainerItemProxy section */
		69DBFA021CFD85E700E668A9 /* PBXContainerItemProxy */ = {
			isa = PBXContainerItemProxy;
			containerPortal = 69DBF9E01CFD85E700E668A9 /* Project object */;
			proxyType = 1;
			remoteGlobalIDString = 69DBF9E71CFD85E700E668A9;
			remoteInfo = "双Label并排显示";
		};
		69DBFA0D1CFD85E700E668A9 /* PBXContainerItemProxy */ = {
			isa = PBXContainerItemProxy;
			containerPortal = 69DBF9E01CFD85E700E668A9 /* Project object */;
			proxyType = 1;
			remoteGlobalIDString = 69DBF9E71CFD85E700E668A9;
			remoteInfo = "双Label并排显示";
		};
/* End PBXContainerItemProxy section */

/* Begin PBXFileReference section */
		69DBF9E81CFD85E700E668A9 /* 双Label并排显示.app */ = {isa = PBXFileReference; explicitFileType = wrapper.application; includeInIndex = 0; path = "双Label并排显示.app"; sourceTree = BUILT_PRODUCTS_DIR; };
		69DBF9EC1CFD85E700E668A9 /* main.m */ = {isa = PBXFileReference; lastKnownFileType = sourcecode.c.objc; path = main.m; sourceTree = "<group>"; };
		69DBF9EE1CFD85E700E668A9 /* AppDelegate.h */ = {isa = PBXFileReference; lastKnownFileType = sourcecode.c.h; path = AppDelegate.h; sourceTree = "<group>"; };
		69DBF9EF1CFD85E700E668A9 /* AppDelegate.m */ = {isa = PBXFileReference; lastKnownFileType = sourcecode.c.objc; path = AppDelegate.m; sourceTree = "<group>"; };
		69DBF9F11CFD85E700E668A9 /* ViewController.h */ = {isa = PBXFileReference; lastKnownFileType = sourcecode.c.h; path = ViewController.h; sourceTree = "<group>"; };
		69DBF9F21CFD85E700E668A9 /* ViewController.m */ = {isa = PBXFileReference; lastKnownFileType = sourcecode.c.objc; path = ViewController.m; sourceTree = "<group>"; };
		69DBF9F51CFD85E700E668A9 /* Base */ = {isa = PBXFileReference; lastKnownFileType = file.storyboard; name = Base; path = Base.lproj/Main.storyboard; sourceTree = "<group>"; };
		69DBF9F71CFD85E700E668A9 /* Assets.xcassets */ = {isa = PBXFileReference; lastKnownFileType = folder.assetcatalog; path = Assets.xcassets; sourceTree = "<group>"; };
		69DBF9FA1CFD85E700E668A9 /* Base */ = {isa = PBXFileReference; lastKnownFileType = file.storyboard; name = Base; path = Base.lproj/LaunchScreen.storyboard; sourceTree = "<group>"; };
		69DBF9FC1CFD85E700E668A9 /* Info.plist */ = {isa = PBXFileReference; lastKnownFileType = text.plist.xml; path = Info.plist; sourceTree = "<group>"; };
		69DBFA011CFD85E700E668A9 /* 双Label并排显示Tests.xctest */ = {isa = PBXFileReference; explicitFileType = wrapper.cfbundle; includeInIndex = 0; path = "双Label并排显示Tests.xctest"; sourceTree = BUILT_PRODUCTS_DIR; };
		69DBFA051CFD85E700E668A9 /* _Label____Tests.m */ = {isa = PBXFileReference; lastKnownFileType = sourcecode.c.objc; path = "_Label____Tests.m"; sourceTree = "<group>"; };
		69DBFA071CFD85E700E668A9 /* Info.plist */ = {isa = PBXFileReference; lastKnownFileType = text.plist.xml; path = Info.plist; sourceTree = "<group>"; };
		69DBFA0C1CFD85E700E668A9 /* 双Label并排显示UITests.xctest */ = {isa = PBXFileReference; explicitFileType = wrapper.cfbundle; includeInIndex = 0; path = "双Label并排显示UITests.xctest"; sourceTree = BUILT_PRODUCTS_DIR; };
		69DBFA101CFD85E700E668A9 /* _Label____UITests.m */ = {isa = PBXFileReference; lastKnownFileType = sourcecode.c.objc; path = "_Label____UITests.m"; sourceTree = "<group>"; };
		69DBFA121CFD85E700E668A9 /* Info.plist */ = {isa = PBXFileReference; lastKnownFileType = text.plist.xml; path = Info.plist; sourceTree = "<group>"; };
/* End PBXFileReference section */

/* Begin PBXFrameworksBuildPhase section */
		69DBF9E51CFD85E700E668A9 /* Frameworks */ = {
			isa = PBXFrameworksBuildPhase;
			buildActionMask = 2147483647;
			files = (
			);
			runOnlyForDeploymentPostprocessing = 0;
		};
		69DBF9FE1CFD85E700E668A9 /* Frameworks */ = {
			isa = PBXFrameworksBuildPhase;
			buildActionMask = 2147483647;
			files = (
			);
			runOnlyForDeploymentPostprocessing = 0;
		};
		69DBFA091CFD85E700E668A9 /* Frameworks */ = {
			isa = PBXFrameworksBuildPhase;
			buildActionMask = 2147483647;
			files = (
			);
			runOnlyForDeploymentPostprocessing = 0;
		};
/* End PBXFrameworksBuildPhase section */

/* Begin PBXGroup section */
		69DBF9DF1CFD85E700E668A9 = {
			isa = PBXGroup;
			children = (
				69DBF9EA1CFD85E700E668A9 /* 双Label并排显示 */,
				69DBFA041CFD85E700E668A9 /* 双Label并排显示Tests */,
				69DBFA0F1CFD85E700E668A9 /* 双Label并排显示UITests */,
				69DBF9E91CFD85E700E668A9 /* Products */,
			);
			sourceTree = "<group>";
		};
		69DBF9E91CFD85E700E668A9 /* Products */ = {
			isa = PBXGroup;
			children = (
				69DBF9E81CFD85E700E668A9 /* 双Label并排显示.app */,
				69DBFA011CFD85E700E668A9 /* 双Label并排显示Tests.xctest */,
				69DBFA0C1CFD85E700E668A9 /* 双Label并排显示UITests.xctest */,
			);
			name = Products;
			sourceTree = "<group>";
		};
		69DBF9EA1CFD85E700E668A9 /* 双Label并排显示 */ = {
			isa = PBXGroup;
			children = (
				69DBF9EE1CFD85E700E668A9 /* AppDelegate.h */,
				69DBF9EF1CFD85E700E668A9 /* AppDelegate.m */,
				69DBF9F11CFD85E700E668A9 /* ViewController.h */,
				69DBF9F21CFD85E700E668A9 /* ViewController.m */,
				69DBF9F41CFD85E700E668A9 /* Main.storyboard */,
				69DBF9F71CFD85E700E668A9 /* Assets.xcassets */,
				69DBF9F91CFD85E700E668A9 /* LaunchScreen.storyboard */,
				69DBF9FC1CFD85E700E668A9 /* Info.plist */,
				69DBF9EB1CFD85E700E668A9 /* Supporting Files */,
			);
			path = "双Label并排显示";
			sourceTree = "<group>";
		};
		69DBF9EB1CFD85E700E668A9 /* Supporting Files */ = {
			isa = PBXGroup;
			children = (
				69DBF9EC1CFD85E700E668A9 /* main.m */,
			);
			name = "Supporting Files";
			sourceTree = "<group>";
		};
		69DBFA041CFD85E700E668A9 /* 双Label并排显示Tests */ = {
			isa = PBXGroup;
			children = (
				69DBFA051CFD85E700E668A9 /* _Label____Tests.m */,
				69DBFA071CFD85E700E668A9 /* Info.plist */,
			);
			path = "双Label并排显示Tests";
			sourceTree = "<group>";
		};
		69DBFA0F1CFD85E700E668A9 /* 双Label并排显示UITests */ = {
			isa = PBXGroup;
			children = (
				69DBFA101CFD85E700E668A9 /* _Label____UITests.m */,
				69DBFA121CFD85E700E668A9 /* Info.plist */,
			);
			path = "双Label并排显示UITests";
			sourceTree = "<group>";
		};
/* End PBXGroup section */

/* Begin PBXNativeTarget section */
		69DBF9E71CFD85E700E668A9 /* 双Label并排显示 */ = {
			isa = PBXNativeTarget;
			buildConfigurationList = 69DBFA151CFD85E700E668A9 /* Build configuration list for PBXNativeTarget "双Label并排显示" */;
			buildPhases = (
				69DBF9E41CFD85E700E668A9 /* Sources */,
				69DBF9E51CFD85E700E668A9 /* Frameworks */,
				69DBF9E61CFD85E700E668A9 /* Resources */,
			);
			buildRules = (
			);
			dependencies = (
			);
			name = "双Label并排显示";
			productName = "双Label并排显示";
			productReference = 69DBF9E81CFD85E700E668A9 /* 双Label并排显示.app */;
			productType = "com.apple.product-type.application";
		};
		69DBFA001CFD85E700E668A9 /* 双Label并排显示Tests */ = {
			isa = PBXNativeTarget;
			buildConfigurationList = 69DBFA181CFD85E700E668A9 /* Build configuration list for PBXNativeTarget "双Label并排显示Tests" */;
			buildPhases = (
				69DBF9FD1CFD85E700E668A9 /* Sources */,
				69DBF9FE1CFD85E700E668A9 /* Frameworks */,
				69DBF9FF1CFD85E700E668A9 /* Resources */,
			);
			buildRules = (
			);
			dependencies = (
				69DBFA031CFD85E700E668A9 /* PBXTargetDependency */,
			);
			name = "双Label并排显示Tests";
			productName = "双Label并排显示Tests";
			productReference = 69DBFA011CFD85E700E668A9 /* 双Label并排显示Tests.xctest */;
			productType = "com.apple.product-type.bundle.unit-test";
		};
		69DBFA0B1CFD85E700E668A9 /* 双Label并排显示UITests */ = {
			isa = PBXNativeTarget;
			buildConfigurationList = 69DBFA1B1CFD85E700E668A9 /* Build configuration list for PBXNativeTarget "双Label并排显示UITests" */;
			buildPhases = (
				69DBFA081CFD85E700E668A9 /* Sources */,
				69DBFA091CFD85E700E668A9 /* Frameworks */,
				69DBFA0A1CFD85E700E668A9 /* Resources */,
			);
			buildRules = (
			);
			dependencies = (
				69DBFA0E1CFD85E700E668A9 /* PBXTargetDependency */,
			);
			name = "双Label并排显示UITests";
			productName = "双Label并排显示UITests";
			productReference = 69DBFA0C1CFD85E700E668A9 /* 双Label并排显示UITests.xctest */;
			productType = "com.apple.product-type.bundle.ui-testing";
		};
/* End PBXNativeTarget section */

/* Begin PBXProject section */
		69DBF9E01CFD85E700E668A9 /* Project object */ = {
			isa = PBXProject;
			attributes = {
				LastUpgradeCheck = 0730;
				ORGANIZATIONNAME = "宓珂璟";
				TargetAttributes = {
					69DBF9E71CFD85E700E668A9 = {
						CreatedOnToolsVersion = 7.3;
					};
					69DBFA001CFD85E700E668A9 = {
						CreatedOnToolsVersion = 7.3;
						TestTargetID = 69DBF9E71CFD85E700E668A9;
					};
					69DBFA0B1CFD85E700E668A9 = {
						CreatedOnToolsVersion = 7.3;
						TestTargetID = 69DBF9E71CFD85E700E668A9;
					};
				};
			};
			buildConfigurationList = 69DBF9E31CFD85E700E668A9 /* Build configuration list for PBXProject "双Label并排显示" */;
			compatibilityVersion = "Xcode 3.2";
			developmentRegion = English;
			hasScannedForEncodings = 0;
			knownRegions = (
				en,
				Base,
			);
			mainGroup = 69DBF9DF1CFD85E700E668A9;
			productRefGroup = 69DBF9E91CFD85E700E668A9 /* Products */;
			projectDirPath = "";
			projectRoot = "";
			targets = (
				69DBF9E71CFD85E700E668A9 /* 双Label并排显示 */,
				69DBFA001CFD85E700E668A9 /* 双Label并排显示Tests */,
				69DBFA0B1CFD85E700E668A9 /* 双Label并排显示UITests */,
			);
		};
/* End PBXProject section */

/* Begin PBXResourcesBuildPhase section */
		69DBF9E61CFD85E700E668A9 /* Resources */ = {
			isa = PBXResourcesBuildPhase;
			buildActionMask = 2147483647;
			files = (
				69DBF9FB1CFD85E700E668A9 /* LaunchScreen.storyboard in Resources */,
				69DBF9F81CFD85E700E668A9 /* Assets.xcassets in Resources */,
				69DBF9F61CFD85E700E668A9 /* Main.storyboard in Resources */,
			);
			runOnlyForDeploymentPostprocessing = 0;
		};
		69DBF9FF1CFD85E700E668A9 /* Resources */ = {
			isa = PBXResourcesBuildPhase;
			buildActionMask = 2147483647;
			files = (
			);
			runOnlyForDeploymentPostprocessing = 0;
		};
		69DBFA0A1CFD85E700E668A9 /* Resources */ = {
			isa = PBXResourcesBuildPhase;
			buildActionMask = 2147483647;
			files = (
			);
			runOnlyForDeploymentPostprocessing = 0;
		};
/* End PBXResourcesBuildPhase section */

/* Begin PBXSourcesBuildPhase section */
		69DBF9E41CFD85E700E668A9 /* Sources */ = {
			isa = PBXSourcesBuildPhase;
			buildActionMask = 2147483647;
			files = (
				69DBF9F31CFD85E700E668A9 /* ViewController.m in Sources */,
				69DBF9F01CFD85E700E668A9 /* AppDelegate.m in Sources */,
				69DBF9ED1CFD85E700E668A9 /* main.m in Sources */,
			);
			runOnlyForDeploymentPostprocessing = 0;
		};
		69DBF9FD1CFD85E700E668A9 /* Sources */ = {
			isa = PBXSourcesBuildPhase;
			buildActionMask = 2147483647;
			files = (
				69DBFA061CFD85E700E668A9 /* _Label____Tests.m in Sources */,
			);
			runOnlyForDeploymentPostprocessing = 0;
		};
		69DBFA081CFD85E700E668A9 /* Sources */ = {
			isa = PBXSourcesBuildPhase;
			buildActionMask = 2147483647;
			files = (
				69DBFA111CFD85E700E668A9 /* _Label____UITests.m in Sources */,
			);
			runOnlyForDeploymentPostprocessing = 0;
		};
/* End PBXSourcesBuildPhase section */

/* Begin PBXTargetDependency section */
		69DBFA031CFD85E700E668A9 /* PBXTargetDependency */ = {
			isa = PBXTargetDependency;
			target = 69DBF9E71CFD85E700E668A9 /* 双Label并排显示 */;
			targetProxy = 69DBFA021CFD85E700E668A9 /* PBXContainerItemProxy */;
		};
		69DBFA0E1CFD85E700E668A9 /* PBXTargetDependency */ = {
			isa = PBXTargetDependency;
			target = 69DBF9E71CFD85E700E668A9 /* 双Label并排显示 */;
			targetProxy = 69DBFA0D1CFD85E700E668A9 /* PBXContainerItemProxy */;
		};
/* End PBXTargetDependency section */

/* Begin PBXVariantGroup section */
		69DBF9F41CFD85E700E668A9 /* Main.storyboard */ = {
			isa = PBXVariantGroup;
			children = (
				69DBF9F51CFD85E700E668A9 /* Base */,
			);
			name = Main.storyboard;
			sourceTree = "<group>";
		};
		69DBF9F91CFD85E700E668A9 /* LaunchScreen.storyboard */ = {
			isa = PBXVariantGroup;
			children = (
				69DBF9FA1CFD85E700E668A9 /* Base */,
			);
			name = LaunchScreen.storyboard;
			sourceTree = "<group>";
		};
/* End PBXVariantGroup section */

/* Begin XCBuildConfiguration section */
		69DBFA131CFD85E700E668A9 /* Debug */ = {
			isa = XCBuildConfiguration;
			buildSettings = {
				ALWAYS_SEARCH_USER_PATHS = NO;
				CLANG_ANALYZER_NONNULL = YES;
				CLANG_CXX_LANGUAGE_STANDARD = "gnu++0x";
				CLANG_CXX_LIBRARY = "libc++";
				CLANG_ENABLE_MODULES = YES;
				CLANG_ENABLE_OBJC_ARC = YES;
				CLANG_WARN_BOOL_CONVERSION = YES;
				CLANG_WARN_CONSTANT_CONVERSION = YES;
				CLANG_WARN_DIRECT_OBJC_ISA_USAGE = YES_ERROR;
				CLANG_WARN_EMPTY_BODY = YES;
				CLANG_WARN_ENUM_CONVERSION = YES;
				CLANG_WARN_INT_CONVERSION = YES;
				CLANG_WARN_OBJC_ROOT_CLASS = YES_ERROR;
				CLANG_WARN_UNREACHABLE_CODE = YES;
				CLANG_WARN__DUPLICATE_METHOD_MATCH = YES;
				"CODE_SIGN_IDENTITY[sdk=iphoneos*]" = "iPhone Developer";
				COPY_PHASE_STRIP = NO;
				DEBUG_INFORMATION_FORMAT = dwarf;
				ENABLE_STRICT_OBJC_MSGSEND = YES;
				ENABLE_TESTABILITY = YES;
				GCC_C_LANGUAGE_STANDARD = gnu99;
				GCC_DYNAMIC_NO_PIC = NO;
				GCC_NO_COMMON_BLOCKS = YES;
				GCC_OPTIMIZATION_LEVEL = 0;
				GCC_PREPROCESSOR_DEFINITIONS = (
					"DEBUG=1",
					"$(inherited)",
				);
				GCC_WARN_64_TO_32_BIT_CONVERSION = YES;
				GCC_WARN_ABOUT_RETURN_TYPE = YES_ERROR;
				GCC_WARN_UNDECLARED_SELECTOR = YES;
				GCC_WARN_UNINITIALIZED_AUTOS = YES_AGGRESSIVE;
				GCC_WARN_UNUSED_FUNCTION = YES;
				GCC_WARN_UNUSED_VARIABLE = YES;
				IPHONEOS_DEPLOYMENT_TARGET = 9.3;
				MTL_ENABLE_DEBUG_INFO = YES;
				ONLY_ACTIVE_ARCH = YES;
				SDKROOT = iphoneos;
				TARGETED_DEVICE_FAMILY = "1,2";
			};
			name = Debug;
		};
		69DBFA141CFD85E700E668A9 /* Release */ = {
			isa = XCBuildConfiguration;
			buildSettings = {
				ALWAYS_SEARCH_USER_PATHS = NO;
				CLANG_ANALYZER_NONNULL = YES;
				CLANG_CXX_LANGUAGE_STANDARD = "gnu++0x";
				CLANG_CXX_LIBRARY = "libc++";
				CLANG_ENABLE_MODULES = YES;
				CLANG_ENABLE_OBJC_ARC = YES;
				CLANG_WARN_BOOL_CONVERSION = YES;
				CLANG_WARN_CONSTANT_CONVERSION = YES;
				CLANG_WARN_DIRECT_OBJC_ISA_USAGE = YES_ERROR;
				CLANG_WARN_EMPTY_BODY = YES;
				CLANG_WARN_ENUM_CONVERSION = YES;
				CLANG_WARN_INT_CONVERSION = YES;
				CLANG_WARN_OBJC_ROOT_CLASS = YES_ERROR;
				CLANG_WARN_UNREACHABLE_CODE = YES;
				CLANG_WARN__DUPLICATE_METHOD_MATCH = YES;
				"CODE_SIGN_IDENTITY[sdk=iphoneos*]" = "iPhone Developer";
				COPY_PHASE_STRIP = NO;
				DEBUG_INFORMATION_FORMAT = "dwarf-with-dsym";
				ENABLE_NS_ASSERTIONS = NO;
				ENABLE_STRICT_OBJC_MSGSEND = YES;
				GCC_C_LANGUAGE_STANDARD = gnu99;
				GCC_NO_COMMON_BLOCKS = YES;
				GCC_WARN_64_TO_32_BIT_CONVERSION = YES;
				GCC_WARN_ABOUT_RETURN_TYPE = YES_ERROR;
				GCC_WARN_UNDECLARED_SELECTOR = YES;
				GCC_WARN_UNINITIALIZED_AUTOS = YES_AGGRESSIVE;
				GCC_WARN_UNUSED_FUNCTION = YES;
				GCC_WARN_UNUSED_VARIABLE = YES;
				IPHONEOS_DEPLOYMENT_TARGET = 9.3;
				MTL_ENABLE_DEBUG_INFO = NO;
				SDKROOT = iphoneos;
				TARGETED_DEVICE_FAMILY = "1,2";
				VALIDATE_PRODUCT = YES;
			};
			name = Release;
		};
		69DBFA161CFD85E700E668A9 /* Debug */ = {
			isa = XCBuildConfiguration;
			buildSettings = {
				ASSETCATALOG_COMPILER_APPICON_NAME = AppIcon;
				INFOPLIST_FILE = "双Label并排显示/Info.plist";
				LD_RUNPATH_SEARCH_PATHS = "$(inherited) @executable_path/Frameworks";
				PRODUCT_BUNDLE_IDENTIFIER = "com.iwala.-Label----";
				PRODUCT_NAME = "$(TARGET_NAME)";
			};
			name = Debug;
		};
		69DBFA171CFD85E700E668A9 /* Release */ = {
			isa = XCBuildConfiguration;
			buildSettings = {
				ASSETCATALOG_COMPILER_APPICON_NAME = AppIcon;
				INFOPLIST_FILE = "双Label并排显示/Info.plist";
				LD_RUNPATH_SEARCH_PATHS = "$(inherited) @executable_path/Frameworks";
				PRODUCT_BUNDLE_IDENTIFIER = "com.iwala.-Label----";
				PRODUCT_NAME = "$(TARGET_NAME)";
			};
			name = Release;
		};
		69DBFA191CFD85E700E668A9 /* Debug */ = {
			isa = XCBuildConfiguration;
			buildSettings = {
				BUNDLE_LOADER = "$(TEST_HOST)";
				INFOPLIST_FILE = "双Label并排显示Tests/Info.plist";
				LD_RUNPATH_SEARCH_PATHS = "$(inherited) @executable_path/Frameworks @loader_path/Frameworks";
				PRODUCT_BUNDLE_IDENTIFIER = "com.iwala.-Label----Tests";
				PRODUCT_NAME = "$(TARGET_NAME)";
				TEST_HOST = "$(BUILT_PRODUCTS_DIR)/双Label并排显示.app/双Label并排显示";
			};
			name = Debug;
		};
		69DBFA1A1CFD85E700E668A9 /* Release */ = {
			isa = XCBuildConfiguration;
			buildSettings = {
				BUNDLE_LOADER = "$(TEST_HOST)";
				INFOPLIST_FILE = "双Label并排显示Tests/Info.plist";
				LD_RUNPATH_SEARCH_PATHS = "$(inherited) @executable_path/Frameworks @loader_path/Frameworks";
				PRODUCT_BUNDLE_IDENTIFIER = "com.iwala.-Label----Tests";
				PRODUCT_NAME = "$(TARGET_NAME)";
				TEST_HOST = "$(BUILT_PRODUCTS_DIR)/双Label并排显示.app/双Label并排显示";
			};
			name = Release;
		};
		69DBFA1C1CFD85E700E668A9 /* Debug */ = {
			isa = XCBuildConfiguration;
			buildSettings = {
				INFOPLIST_FILE = "双Label并排显示UITests/Info.plist";
				LD_RUNPATH_SEARCH_PATHS = "$(inherited) @executable_path/Frameworks @loader_path/Frameworks";
				PRODUCT_BUNDLE_IDENTIFIER = "com.iwala.-Label----UITests";
				PRODUCT_NAME = "$(TARGET_NAME)";
				TEST_TARGET_NAME = "双Label并排显示";
			};
			name = Debug;
		};
		69DBFA1D1CFD85E700E668A9 /* Release */ = {
			isa = XCBuildConfiguration;
			buildSettings = {
				INFOPLIST_FILE = "双Label并排显示UITests/Info.plist";
				LD_RUNPATH_SEARCH_PATHS = "$(inherited) @executable_path/Frameworks @loader_path/Frameworks";
				PRODUCT_BUNDLE_IDENTIFIER = "com.iwala.-Label----UITests";
				PRODUCT_NAME = "$(TARGET_NAME)";
				TEST_TARGET_NAME = "双Label并排显示";
			};
			name = Release;
		};
/* End XCBuildConfiguration section */

/* Begin XCConfigurationList section */
		69DBF9E31CFD85E700E668A9 /* Build configuration list for PBXProject "双Label并排显示" */ = {
			isa = XCConfigurationList;
			buildConfigurations = (
				69DBFA131CFD85E700E668A9 /* Debug */,
				69DBFA141CFD85E700E668A9 /* Release */,
			);
			defaultConfigurationIsVisible = 0;
			defaultConfigurationName = Release;
		};
		69DBFA151CFD85E700E668A9 /* Build configuration list for PBXNativeTarget "双Label并排显示" */ = {
			isa = XCConfigurationList;
			buildConfigurations = (
				69DBFA161CFD85E700E668A9 /* Debug */,
				69DBFA171CFD85E700E668A9 /* Release */,
			);
			defaultConfigurationIsVisible = 0;
		};
		69DBFA181CFD85E700E668A9 /* Build configuration list for PBXNativeTarget "双Label并排显示Tests" */ = {
			isa = XCConfigurationList;
			buildConfigurations = (
				69DBFA191CFD85E700E668A9 /* Debug */,
				69DBFA1A1CFD85E700E668A9 /* Release */,
			);
			defaultConfigurationIsVisible = 0;
		};
		69DBFA1B1CFD85E700E668A9 /* Build configuration list for PBXNativeTarget "双Label并排显示UITests" */ = {
			isa = XCConfigurationList;
			buildConfigurations = (
				69DBFA1C1CFD85E700E668A9 /* Debug */,
				69DBFA1D1CFD85E700E668A9 /* Release */,
			);
			defaultConfigurationIsVisible = 0;
		};
/* End XCConfigurationList section */
	};
	rootObject = 69DBF9E01CFD85E700E668A9 /* Project object */;
}
